
Microsoft Visual Studio Solution File, Format Version 12.00
# Visual Studio Version 16
VisualStudioVersion = 16.0.30320.27
MinimumVisualStudioVersion = 10.0.40219.1
Project("{9A19103F-16F7-4668-BE54-9A1E7A4F7556}") = "TestApi.Services", "TestApi.Services\TestApi.Services.csproj", "{4911FCC6-0DEB-4BC8-98B1-764DE7120786}"
EndProject
Project("{2150E333-8FDC-42A3-9474-1A3956D46DE8}") = "Tests", "Tests", "{3DE500A6-4BD3-4C2B-B4FE-1BA8B9844AB3}"
EndProject
Project("{9A19103F-16F7-4668-BE54-9A1E7A4F7556}") = "TestApi", "TestApi\TestApi.csproj", "{53AD42B3-211E-46EC-B22E-D80733FA6989}"
EndProject
Project("{9A19103F-16F7-4668-BE54-9A1E7A4F7556}") = "TestApi.Common", "TestApi.Common\TestApi.Common.csproj", "{1BD87BF5-98BF-4AE8-A0C4-630F5FE8F07A}"
EndProject
Project("{9A19103F-16F7-4668-BE54-9A1E7A4F7556}") = "TestApi.Contract", "TestApi.Contract\TestApi.Contract.csproj", "{B8407143-9A93-4469-8D82-83F85A42E794}"
EndProject
Project("{9A19103F-16F7-4668-BE54-9A1E7A4F7556}") = "TestApi.DAL", "TestApi.DAL\TestApi.DAL.csproj", "{79DC8C08-D2B1-43DC-89EE-88DDED57FF1D}"
EndProject
Project("{9A19103F-16F7-4668-BE54-9A1E7A4F7556}") = "TestApi.Domain", "TestApi.Domain\TestApi.Domain.csproj", "{22B7F0B3-0FCD-4CC6-ABA8-AEB53322C3CC}"
EndProject
Project("{9A19103F-16F7-4668-BE54-9A1E7A4F7556}") = "TestApi.IntegrationTests", "TestApi.IntegrationTests\TestApi.IntegrationTests.csproj", "{13932B12-993E-400D-ADD9-73ABF7F80CF6}"
EndProject
Project("{9A19103F-16F7-4668-BE54-9A1E7A4F7556}") = "TestApi.UnitTests", "TestApi.UnitTests\TestApi.UnitTests.csproj", "{C45A3C8B-17D8-4171-93DD-14E0E09905E5}"
EndProject
Project("{9A19103F-16F7-4668-BE54-9A1E7A4F7556}") = "TestApi.Services.Generator", "TestApi.Services.Generator\TestApi.Services.Generator.csproj", "{25215343-78B8-45EF-8483-5CA371B5C236}"
EndProject
Project("{9A19103F-16F7-4668-BE54-9A1E7A4F7556}") = "TestApi.BQSTests", "TestApi.BQSTests\TestApi.BQSTests.csproj", "{646F6C9D-3BD5-4896-B733-36E9705DF0A6}"
EndProject
Project("{9A19103F-16F7-4668-BE54-9A1E7A4F7556}") = "TestApi.Tests.Common", "TestApi.Tests.Common\TestApi.Tests.Common.csproj", "{C99E30CF-D9AB-4ECF-A0B1-59E29099A504}"
EndProject
Project("{E53339B2-1760-4266-BCC7-CA923CBCF16C}") = "docker-compose", "docker-compose.dcproj", "{63B5D468-4B99-4F6E-B3F3-0E5575D4364B}"
EndProject
Global
	GlobalSection(SolutionConfigurationPlatforms) = preSolution
		Debug|Any CPU = Debug|Any CPU
		Release|Any CPU = Release|Any CPU
	EndGlobalSection
	GlobalSection(ProjectConfigurationPlatforms) = postSolution
		{4911FCC6-0DEB-4BC8-98B1-764DE7120786}.Debug|Any CPU.ActiveCfg = Debug|Any CPU
		{4911FCC6-0DEB-4BC8-98B1-764DE7120786}.Debug|Any CPU.Build.0 = Debug|Any CPU
		{4911FCC6-0DEB-4BC8-98B1-764DE7120786}.Release|Any CPU.ActiveCfg = Release|Any CPU
		{4911FCC6-0DEB-4BC8-98B1-764DE7120786}.Release|Any CPU.Build.0 = Release|Any CPU
		{53AD42B3-211E-46EC-B22E-D80733FA6989}.Debug|Any CPU.ActiveCfg = Debug|Any CPU
		{53AD42B3-211E-46EC-B22E-D80733FA6989}.Debug|Any CPU.Build.0 = Debug|Any CPU
		{53AD42B3-211E-46EC-B22E-D80733FA6989}.Release|Any CPU.ActiveCfg = Release|Any CPU
		{53AD42B3-211E-46EC-B22E-D80733FA6989}.Release|Any CPU.Build.0 = Release|Any CPU
		{1BD87BF5-98BF-4AE8-A0C4-630F5FE8F07A}.Debug|Any CPU.ActiveCfg = Debug|Any CPU
		{1BD87BF5-98BF-4AE8-A0C4-630F5FE8F07A}.Debug|Any CPU.Build.0 = Debug|Any CPU
		{1BD87BF5-98BF-4AE8-A0C4-630F5FE8F07A}.Release|Any CPU.ActiveCfg = Release|Any CPU
		{1BD87BF5-98BF-4AE8-A0C4-630F5FE8F07A}.Release|Any CPU.Build.0 = Release|Any CPU
		{B8407143-9A93-4469-8D82-83F85A42E794}.Debug|Any CPU.ActiveCfg = Debug|Any CPU
		{B8407143-9A93-4469-8D82-83F85A42E794}.Debug|Any CPU.Build.0 = Debug|Any CPU
		{B8407143-9A93-4469-8D82-83F85A42E794}.Release|Any CPU.ActiveCfg = Release|Any CPU
		{B8407143-9A93-4469-8D82-83F85A42E794}.Release|Any CPU.Build.0 = Release|Any CPU
		{79DC8C08-D2B1-43DC-89EE-88DDED57FF1D}.Debug|Any CPU.ActiveCfg = Debug|Any CPU
		{79DC8C08-D2B1-43DC-89EE-88DDED57FF1D}.Debug|Any CPU.Build.0 = Debug|Any CPU
		{79DC8C08-D2B1-43DC-89EE-88DDED57FF1D}.Release|Any CPU.ActiveCfg = Release|Any CPU
		{79DC8C08-D2B1-43DC-89EE-88DDED57FF1D}.Release|Any CPU.Build.0 = Release|Any CPU
		{22B7F0B3-0FCD-4CC6-ABA8-AEB53322C3CC}.Debug|Any CPU.ActiveCfg = Debug|Any CPU
		{22B7F0B3-0FCD-4CC6-ABA8-AEB53322C3CC}.Debug|Any CPU.Build.0 = Debug|Any CPU
		{22B7F0B3-0FCD-4CC6-ABA8-AEB53322C3CC}.Release|Any CPU.ActiveCfg = Release|Any CPU
		{22B7F0B3-0FCD-4CC6-ABA8-AEB53322C3CC}.Release|Any CPU.Build.0 = Release|Any CPU
		{13932B12-993E-400D-ADD9-73ABF7F80CF6}.Debug|Any CPU.ActiveCfg = Debug|Any CPU
		{13932B12-993E-400D-ADD9-73ABF7F80CF6}.Debug|Any CPU.Build.0 = Debug|Any CPU
		{13932B12-993E-400D-ADD9-73ABF7F80CF6}.Release|Any CPU.ActiveCfg = Release|Any CPU
		{13932B12-993E-400D-ADD9-73ABF7F80CF6}.Release|Any CPU.Build.0 = Release|Any CPU
		{C45A3C8B-17D8-4171-93DD-14E0E09905E5}.Debug|Any CPU.ActiveCfg = Debug|Any CPU
		{C45A3C8B-17D8-4171-93DD-14E0E09905E5}.Debug|Any CPU.Build.0 = Debug|Any CPU
		{C45A3C8B-17D8-4171-93DD-14E0E09905E5}.Release|Any CPU.ActiveCfg = Release|Any CPU
		{C45A3C8B-17D8-4171-93DD-14E0E09905E5}.Release|Any CPU.Build.0 = Release|Any CPU
		{25215343-78B8-45EF-8483-5CA371B5C236}.Debug|Any CPU.ActiveCfg = Debug|Any CPU
		{25215343-78B8-45EF-8483-5CA371B5C236}.Debug|Any CPU.Build.0 = Debug|Any CPU
		{25215343-78B8-45EF-8483-5CA371B5C236}.Release|Any CPU.ActiveCfg = Release|Any CPU
		{25215343-78B8-45EF-8483-5CA371B5C236}.Release|Any CPU.Build.0 = Release|Any CPU
		{646F6C9D-3BD5-4896-B733-36E9705DF0A6}.Debug|Any CPU.ActiveCfg = Debug|Any CPU
		{646F6C9D-3BD5-4896-B733-36E9705DF0A6}.Debug|Any CPU.Build.0 = Debug|Any CPU
		{646F6C9D-3BD5-4896-B733-36E9705DF0A6}.Release|Any CPU.ActiveCfg = Release|Any CPU
		{646F6C9D-3BD5-4896-B733-36E9705DF0A6}.Release|Any CPU.Build.0 = Release|Any CPU
		{C99E30CF-D9AB-4ECF-A0B1-59E29099A504}.Debug|Any CPU.ActiveCfg = Debug|Any CPU
		{C99E30CF-D9AB-4ECF-A0B1-59E29099A504}.Debug|Any CPU.Build.0 = Debug|Any CPU
		{C99E30CF-D9AB-4ECF-A0B1-59E29099A504}.Release|Any CPU.ActiveCfg = Release|Any CPU
		{C99E30CF-D9AB-4ECF-A0B1-59E29099A504}.Release|Any CPU.Build.0 = Release|Any CPU
		{63B5D468-4B99-4F6E-B3F3-0E5575D4364B}.Debug|Any CPU.ActiveCfg = Debug|Any CPU
		{63B5D468-4B99-4F6E-B3F3-0E5575D4364B}.Debug|Any CPU.Build.0 = Debug|Any CPU
		{63B5D468-4B99-4F6E-B3F3-0E5575D4364B}.Release|Any CPU.ActiveCfg = Release|Any CPU
		{63B5D468-4B99-4F6E-B3F3-0E5575D4364B}.Release|Any CPU.Build.0 = Release|Any CPU
	EndGlobalSection
	GlobalSection(SolutionProperties) = preSolution
		HideSolutionNode = FALSE
	EndGlobalSection
	GlobalSection(NestedProjects) = preSolution
		{13932B12-993E-400D-ADD9-73ABF7F80CF6} = {3DE500A6-4BD3-4C2B-B4FE-1BA8B9844AB3}
		{C45A3C8B-17D8-4171-93DD-14E0E09905E5} = {3DE500A6-4BD3-4C2B-B4FE-1BA8B9844AB3}
		{646F6C9D-3BD5-4896-B733-36E9705DF0A6} = {3DE500A6-4BD3-4C2B-B4FE-1BA8B9844AB3}
		{C99E30CF-D9AB-4ECF-A0B1-59E29099A504} = {3DE500A6-4BD3-4C2B-B4FE-1BA8B9844AB3}
	EndGlobalSection
	GlobalSection(ExtensibilityGlobals) = postSolution
		SolutionGuid = {FA4D3A3F-8A3F-47BF-932B-AE900F9A00F7}
	EndGlobalSection
EndGlobal
